{
    "version": 4,
    "terraform_version": "1.9.3",
    "serial": 179,
    "lineage": "842c9d18-1b70-f5a7-fd40-ae1c48878158",
    "outputs": {},
    "resources": [
      {
        "mode": "data",
        "type": "aws_availability_zones",
        "name": "available",
        "provider": "provider[\"registry.terraform.io/hashicorp/aws\"]",
        "instances": [
          {
            "schema_version": 0,
            "attributes": {
              "all_availability_zones": null,
              "exclude_names": null,
              "exclude_zone_ids": null,
              "filter": [
                {
                  "name": "zone-type",
                  "values": [
                    "availability-zone"
                  ]
                }
              ],
              "group_names": [
                "ap-southeast-1"
              ],
              "id": "ap-southeast-1",
              "names": [
                "ap-southeast-1a",
                "ap-southeast-1b",
                "ap-southeast-1c"
              ],
              "state": "available",
              "timeouts": null,
              "zone_ids": [
                "apse1-az2",
                "apse1-az1",
                "apse1-az3"
              ]
            },
            "sensitive_attributes": []
          }
        ]
      },
      {
        "mode": "managed",
        "type": "aws_internet_gateway",
        "name": "myigw",
        "provider": "provider[\"registry.terraform.io/hashicorp/aws\"]",
        "instances": [
          {
            "schema_version": 0,
            "attributes": {
              "arn": "arn:aws:ec2:ap-southeast-1:463550019336:internet-gateway/igw-072741709e970d953",
              "id": "igw-072741709e970d953",
              "owner_id": "463550019336",
              "tags": {
                "Name": "myigw"
              },
              "tags_all": {
                "Name": "myigw"
              },
              "timeouts": null,
              "vpc_id": "vpc-024c1b81746cbe89a"
            },
            "sensitive_attributes": [],
            "private": "eyJlMmJmYjczMC1lY2FhLTExZTYtOGY4OC0zNDM2M2JjN2M0YzAiOnsiY3JlYXRlIjoxMjAwMDAwMDAwMDAwLCJkZWxldGUiOjEyMDAwMDAwMDAwMDAsInVwZGF0ZSI6MTIwMDAwMDAwMDAwMH19"
          }
        ]
      },
      {
        "mode": "managed",
        "type": "aws_internet_gateway_attachment",
        "name": "igw_pub",
        "provider": "provider[\"registry.terraform.io/hashicorp/aws\"]",
        "instances": [
          {
            "schema_version": 0,
            "attributes": {
              "id": "igw-072741709e970d953:vpc-024c1b81746cbe89a",
              "internet_gateway_id": "igw-072741709e970d953",
              "timeouts": null,
              "vpc_id": "vpc-024c1b81746cbe89a"
            },
            "sensitive_attributes": [],
            "private": "eyJlMmJmYjczMC1lY2FhLTExZTYtOGY4OC0zNDM2M2JjN2M0YzAiOnsiY3JlYXRlIjoxMjAwMDAwMDAwMDAwLCJkZWxldGUiOjEyMDAwMDAwMDAwMDB9fQ==",
            "dependencies": [
              "aws_internet_gateway.myigw",
              "aws_vpc.my-vpc"
            ]
          }
        ]
      },
      {
        "mode": "managed",
        "type": "aws_route_table",
        "name": "my_public_rtb",
        "provider": "provider[\"registry.terraform.io/hashicorp/aws\"]",
        "instances": [
          {
            "schema_version": 0,
            "attributes": {
              "arn": "arn:aws:ec2:ap-southeast-1:463550019336:route-table/rtb-0a716656da9e35908",
              "id": "rtb-0a716656da9e35908",
              "owner_id": "463550019336",
              "propagating_vgws": [],
              "route": [
                {
                  "carrier_gateway_id": "",
                  "cidr_block": "0.0.0.0/0",
                  "core_network_arn": "",
                  "destination_prefix_list_id": "",
                  "egress_only_gateway_id": "",
                  "gateway_id": "igw-072741709e970d953",
                  "ipv6_cidr_block": "",
                  "local_gateway_id": "",
                  "nat_gateway_id": "",
                  "network_interface_id": "",
                  "transit_gateway_id": "",
                  "vpc_endpoint_id": "",
                  "vpc_peering_connection_id": ""
                }
              ],
              "tags": {
                "Name": "My Public Route Table"
              },
              "tags_all": {
                "Name": "My Public Route Table"
              },
              "timeouts": null,
              "vpc_id": "vpc-024c1b81746cbe89a"
            },
            "sensitive_attributes": [],
            "private": "eyJlMmJmYjczMC1lY2FhLTExZTYtOGY4OC0zNDM2M2JjN2M0YzAiOnsiY3JlYXRlIjozMDAwMDAwMDAwMDAsImRlbGV0ZSI6MzAwMDAwMDAwMDAwLCJ1cGRhdGUiOjEyMDAwMDAwMDAwMH19",
            "dependencies": [
              "aws_internet_gateway.myigw",
              "aws_vpc.my-vpc"
            ]
          }
        ]
      },
      {
        "mode": "managed",
        "type": "aws_subnet",
        "name": "my-subnet1",
        "provider": "provider[\"registry.terraform.io/hashicorp/aws\"]",
        "instances": [
          {
            "schema_version": 1,
            "attributes": {
              "arn": "arn:aws:ec2:ap-southeast-1:463550019336:subnet/subnet-00dda4bccd6c3220b",
              "assign_ipv6_address_on_creation": false,
              "availability_zone": "ap-southeast-1b",
              "availability_zone_id": "apse1-az1",
              "cidr_block": "10.0.1.0/24",
              "customer_owned_ipv4_pool": "",
              "enable_dns64": false,
              "enable_lni_at_device_index": 0,
              "enable_resource_name_dns_a_record_on_launch": false,
              "enable_resource_name_dns_aaaa_record_on_launch": false,
              "id": "subnet-00dda4bccd6c3220b",
              "ipv6_cidr_block": "",
              "ipv6_cidr_block_association_id": "",
              "ipv6_native": false,
              "map_customer_owned_ip_on_launch": false,
              "map_public_ip_on_launch": false,
              "outpost_arn": "",
              "owner_id": "463550019336",
              "private_dns_hostname_type_on_launch": "ip-name",
              "tags": {
                "Name": "my-subnet1"
              },
              "tags_all": {
                "Name": "my-subnet1"
              },
              "timeouts": null,
              "vpc_id": "vpc-024c1b81746cbe89a"
            },
            "sensitive_attributes": [],
            "private": "eyJlMmJmYjczMC1lY2FhLTExZTYtOGY4OC0zNDM2M2JjN2M0YzAiOnsiY3JlYXRlIjo2MDAwMDAwMDAwMDAsImRlbGV0ZSI6MTIwMDAwMDAwMDAwMH0sInNjaGVtYV92ZXJzaW9uIjoiMSJ9",
            "dependencies": [
              "aws_vpc.my-vpc"
            ]
          }
        ]
      },
      {
        "mode": "managed",
        "type": "aws_subnet",
        "name": "my-subnet2",
        "provider": "provider[\"registry.terraform.io/hashicorp/aws\"]",
        "instances": [
          {
            "schema_version": 1,
            "attributes": {
              "arn": "arn:aws:ec2:ap-southeast-1:463550019336:subnet/subnet-03e38042db42166ea",
              "assign_ipv6_address_on_creation": false,
              "availability_zone": "ap-southeast-1c",
              "availability_zone_id": "apse1-az3",
              "cidr_block": "10.0.2.0/24",
              "customer_owned_ipv4_pool": "",
              "enable_dns64": false,
              "enable_lni_at_device_index": 0,
              "enable_resource_name_dns_a_record_on_launch": false,
              "enable_resource_name_dns_aaaa_record_on_launch": false,
              "id": "subnet-03e38042db42166ea",
              "ipv6_cidr_block": "",
              "ipv6_cidr_block_association_id": "",
              "ipv6_native": false,
              "map_customer_owned_ip_on_launch": false,
              "map_public_ip_on_launch": false,
              "outpost_arn": "",
              "owner_id": "463550019336",
              "private_dns_hostname_type_on_launch": "ip-name",
              "tags": {
                "Name": "my-subnet2"
              },
              "tags_all": {
                "Name": "my-subnet2"
              },
              "timeouts": null,
              "vpc_id": "vpc-024c1b81746cbe89a"
            },
            "sensitive_attributes": [],
            "private": "eyJlMmJmYjczMC1lY2FhLTExZTYtOGY4OC0zNDM2M2JjN2M0YzAiOnsiY3JlYXRlIjo2MDAwMDAwMDAwMDAsImRlbGV0ZSI6MTIwMDAwMDAwMDAwMH0sInNjaGVtYV92ZXJzaW9uIjoiMSJ9",
            "dependencies": [
              "aws_vpc.my-vpc"
            ]
          }
        ]
      },
      {
        "mode": "managed",
        "type": "aws_subnet",
        "name": "mysubnet",
        "provider": "provider[\"registry.terraform.io/hashicorp/aws\"]",
        "instances": [
          {
            "schema_version": 1,
            "attributes": {
              "arn": "arn:aws:ec2:ap-southeast-1:463550019336:subnet/subnet-0a214c4f0c5b2511c",
              "assign_ipv6_address_on_creation": false,
              "availability_zone": "ap-southeast-1a",
              "availability_zone_id": "apse1-az2",
              "cidr_block": "10.0.0.0/24",
              "customer_owned_ipv4_pool": "",
              "enable_dns64": false,
              "enable_lni_at_device_index": 0,
              "enable_resource_name_dns_a_record_on_launch": false,
              "enable_resource_name_dns_aaaa_record_on_launch": false,
              "id": "subnet-0a214c4f0c5b2511c",
              "ipv6_cidr_block": "",
              "ipv6_cidr_block_association_id": "",
              "ipv6_native": false,
              "map_customer_owned_ip_on_launch": false,
              "map_public_ip_on_launch": false,
              "outpost_arn": "",
              "owner_id": "463550019336",
              "private_dns_hostname_type_on_launch": "ip-name",
              "tags": {
                "Name": "my-subnet"
              },
              "tags_all": {
                "Name": "my-subnet"
              },
              "timeouts": null,
              "vpc_id": "vpc-024c1b81746cbe89a"
            },
            "sensitive_attributes": [],
            "private": "eyJlMmJmYjczMC1lY2FhLTExZTYtOGY4OC0zNDM2M2JjN2M0YzAiOnsiY3JlYXRlIjo2MDAwMDAwMDAwMDAsImRlbGV0ZSI6MTIwMDAwMDAwMDAwMH0sInNjaGVtYV92ZXJzaW9uIjoiMSJ9",
            "dependencies": [
              "aws_vpc.my-vpc"
            ]
          }
        ]
      },
      {
        "mode": "managed",
        "type": "aws_vpc",
        "name": "my-vpc",
        "provider": "provider[\"registry.terraform.io/hashicorp/aws\"]",
        "instances": [
          {
            "schema_version": 1,
            "attributes": {
              "arn": "arn:aws:ec2:ap-southeast-1:463550019336:vpc/vpc-024c1b81746cbe89a",
              "assign_generated_ipv6_cidr_block": false,
              "cidr_block": "10.0.0.0/16",
              "default_network_acl_id": "acl-0c6b8bd6a1f614731",
              "default_route_table_id": "rtb-0fc717fb4d2f6affd",
              "default_security_group_id": "sg-01572ec3c8f93f704",
              "dhcp_options_id": "dopt-0eab7d0f64e489294",
              "enable_dns_hostnames": false,
              "enable_dns_support": true,
              "enable_network_address_usage_metrics": false,
              "id": "vpc-024c1b81746cbe89a",
              "instance_tenancy": "default",
              "ipv4_ipam_pool_id": null,
              "ipv4_netmask_length": null,
              "ipv6_association_id": "",
              "ipv6_cidr_block": "",
              "ipv6_cidr_block_network_border_group": "",
              "ipv6_ipam_pool_id": "",
              "ipv6_netmask_length": 0,
              "main_route_table_id": "rtb-0fc717fb4d2f6affd",
              "owner_id": "463550019336",
              "tags": {
                "Name": "Welcome To Yangon"
              },
              "tags_all": {
                "Name": "Welcome To Yangon"
              }
            },
            "sensitive_attributes": [],
            "private": "eyJzY2hlbWFfdmVyc2lvbiI6IjEifQ=="
          }
        ]
      }
    ],
    "check_results": null
  }
  